Microsoft Visual Studio Solution File, Format Version 12.00
# Visual Studio Version 17
VisualStudioVersion = 17.5.2.0
MinimumVisualStudioVersion = 10.0.40219.1
Project("{FAE04EC0-301F-11D3-BF4B-00C04F79EFBC}") = "OfficeAssistant", "OfficeAssistant\OfficeAssistant.csproj", "{12F5B4AC-93AA-6430-44BC-1511BF255AA7}"
EndProject
Global
	GlobalSection(SolutionConfigurationPlatforms) = preSolution
		Debug|Any CPU = Debug|Any CPU
		Release|Any CPU = Release|Any CPU
	EndGlobalSection
	GlobalSection(ProjectConfigurationPlatforms) = postSolution
		{12F5B4AC-93AA-6430-44BC-1511BF255AA7}.Debug|Any CPU.ActiveCfg = Debug|Any CPU
		{12F5B4AC-93AA-6430-44BC-1511BF255AA7}.Debug|Any CPU.Build.0 = Debug|Any CPU
		{12F5B4AC-93AA-6430-44BC-1511BF255AA7}.Release|Any CPU.ActiveCfg = Release|Any CPU
		{12F5B4AC-93AA-6430-44BC-1511BF255AA7}.Release|Any CPU.Build.0 = Release|Any CPU
	EndGlobalSection
	GlobalSection(SolutionProperties) = preSolution
		HideSolutionNode = FALSE
	EndGlobalSection
	GlobalSection(ExtensibilityGlobals) = postSolution
		SolutionGuid = {B82EE546-5DFC-45C7-A4CB-A3C1245C7A3E}
	EndGlobalSection
EndGlobal
